
Microsoft Visual Studio Solution File, Format Version 12.00
# Visual Studio Version 17
VisualStudioVersion = 17.14.37111.16 d17.14
MinimumVisualStudioVersion = 10.0.40219.1
Project("{FAE04EC0-301F-11D3-BF4B-00C04F79EFBC}") = "Yatırım", "Yatırım.csproj", "{B07516D2-18FA-4B98-B5D0-D9A66C6B9420}"
EndProject
Global
	GlobalSection(SolutionConfigurationPlatforms) = preSolution
		Debug|Any CPU = Debug|Any CPU
		Release|Any CPU = Release|Any CPU
	EndGlobalSection
	GlobalSection(ProjectConfigurationPlatforms) = postSolution
		{B07516D2-18FA-4B98-B5D0-D9A66C6B9420}.Debug|Any CPU.ActiveCfg = Debug|Any CPU
		{B07516D2-18FA-4B98-B5D0-D9A66C6B9420}.Debug|Any CPU.Build.0 = Debug|Any CPU
		{B07516D2-18FA-4B98-B5D0-D9A66C6B9420}.Release|Any CPU.ActiveCfg = Release|Any CPU
		{B07516D2-18FA-4B98-B5D0-D9A66C6B9420}.Release|Any CPU.Build.0 = Release|Any CPU
	EndGlobalSection
	GlobalSection(SolutionProperties) = preSolution
		HideSolutionNode = FALSE
	EndGlobalSection
	GlobalSection(ExtensibilityGlobals) = postSolution
		SolutionGuid = {6FDE2536-EBBE-4AED-816D-75576C50DC08}
	EndGlobalSection
EndGlobal
