
Microsoft Visual Studio Solution File, Format Version 12.00
# Visual Studio Version 17
VisualStudioVersion = 17.14.37111.16 d17.14
MinimumVisualStudioVersion = 10.0.40219.1
Project("{FAE04EC0-301F-11D3-BF4B-00C04F79EFBC}") = "BiletRezervasyon", "BiletRezervasyon.csproj", "{DBD372DD-85DE-44DE-919D-E0B87E887F6F}"
EndProject
Global
	GlobalSection(SolutionConfigurationPlatforms) = preSolution
		Debug|Any CPU = Debug|Any CPU
		Release|Any CPU = Release|Any CPU
	EndGlobalSection
	GlobalSection(ProjectConfigurationPlatforms) = postSolution
		{DBD372DD-85DE-44DE-919D-E0B87E887F6F}.Debug|Any CPU.ActiveCfg = Debug|Any CPU
		{DBD372DD-85DE-44DE-919D-E0B87E887F6F}.Debug|Any CPU.Build.0 = Debug|Any CPU
		{DBD372DD-85DE-44DE-919D-E0B87E887F6F}.Release|Any CPU.ActiveCfg = Release|Any CPU
		{DBD372DD-85DE-44DE-919D-E0B87E887F6F}.Release|Any CPU.Build.0 = Release|Any CPU
	EndGlobalSection
	GlobalSection(SolutionProperties) = preSolution
		HideSolutionNode = FALSE
	EndGlobalSection
	GlobalSection(ExtensibilityGlobals) = postSolution
		SolutionGuid = {588DCC26-2D0A-4622-B6E5-76AFE9A362C7}
	EndGlobalSection
EndGlobal
