
Microsoft Visual Studio Solution File, Format Version 12.00
# Visual Studio Version 17
VisualStudioVersion = 17.14.37111.16 d17.14
MinimumVisualStudioVersion = 10.0.40219.1
Project("{FAE04EC0-301F-11D3-BF4B-00C04F79EFBC}") = "Kargo Takip", "Kargo Takip.csproj", "{490BFDBB-F836-4DD8-95A0-13C4E89FF899}"
EndProject
Global
	GlobalSection(SolutionConfigurationPlatforms) = preSolution
		Debug|Any CPU = Debug|Any CPU
		Release|Any CPU = Release|Any CPU
	EndGlobalSection
	GlobalSection(ProjectConfigurationPlatforms) = postSolution
		{490BFDBB-F836-4DD8-95A0-13C4E89FF899}.Debug|Any CPU.ActiveCfg = Debug|Any CPU
		{490BFDBB-F836-4DD8-95A0-13C4E89FF899}.Debug|Any CPU.Build.0 = Debug|Any CPU
		{490BFDBB-F836-4DD8-95A0-13C4E89FF899}.Release|Any CPU.ActiveCfg = Release|Any CPU
		{490BFDBB-F836-4DD8-95A0-13C4E89FF899}.Release|Any CPU.Build.0 = Release|Any CPU
	EndGlobalSection
	GlobalSection(SolutionProperties) = preSolution
		HideSolutionNode = FALSE
	EndGlobalSection
	GlobalSection(ExtensibilityGlobals) = postSolution
		SolutionGuid = {0DBDCCDA-0063-462B-92B9-51D4F255BC94}
	EndGlobalSection
EndGlobal
